// !$*UTF8*$!
{
	archiveVersion = 1;
	classes = {
	};
	objectVersion = 46;
	objects = {

/* Begin PBXBuildFile section */
		22AE506C1F0D49BE004CB8BA /* AppDelegate.swift in Sources */ = {isa = PBXBuildFile; fileRef = 22AE506B1F0D49BE004CB8BA /* AppDelegate.swift */; };
		22AE506E1F0D49BE004CB8BA /* ViewController.swift in Sources */ = {isa = PBXBuildFile; fileRef = 22AE506D1F0D49BE004CB8BA /* ViewController.swift */; };
		22AE50711F0D49BE004CB8BA /* Main.storyboard in Resources */ = {isa = PBXBuildFile; fileRef = 22AE506F1F0D49BE004CB8BA /* Main.storyboard */; };
		22AE50731F0D49BE004CB8BA /* Assets.xcassets in Resources */ = {isa = PBXBuildFile; fileRef = 22AE50721F0D49BE004CB8BA /* Assets.xcassets */; };
		22AE50761F0D49BE004CB8BA /* LaunchScreen.storyboard in Resources */ = {isa = PBXBuildFile; fileRef = 22AE50741F0D49BE004CB8BA /* LaunchScreen.storyboard */; };
		22AE507E1F0D57A2004CB8BA /* ShapeView.swift in Sources */ = {isa = PBXBuildFile; fileRef = 22AE507D1F0D57A2004CB8BA /* ShapeView.swift */; };
		22AE50801F0D6B6D004CB8BA /* View.xib in Resources */ = {isa = PBXBuildFile; fileRef = 22AE507F1F0D6B6D004CB8BA /* View.xib */; };
		22AE50821F0D6BB8004CB8BA /* CustomView.swift in Sources */ = {isa = PBXBuildFile; fileRef = 22AE50811F0D6BB8004CB8BA /* CustomView.swift */; };
/* End PBXBuildFile section */

/* Begin PBXFileReference section */
		22AE50681F0D49BE004CB8BA /* CoreAnimationDemo.app */ = {isa = PBXFileReference; explicitFileType = wrapper.application; includeInIndex = 0; path = CoreAnimationDemo.app; sourceTree = BUILT_PRODUCTS_DIR; };
		22AE506B1F0D49BE004CB8BA /* AppDelegate.swift */ = {isa = PBXFileReference; lastKnownFileType = sourcecode.swift; path = AppDelegate.swift; sourceTree = "<group>"; };
		22AE506D1F0D49BE004CB8BA /* ViewController.swift */ = {isa = PBXFileReference; lastKnownFileType = sourcecode.swift; path = ViewController.swift; sourceTree = "<group>"; };
		22AE50701F0D49BE004CB8BA /* Base */ = {isa = PBXFileReference; lastKnownFileType = file.storyboard; name = Base; path = Base.lproj/Main.storyboard; sourceTree = "<group>"; };
		22AE50721F0D49BE004CB8BA /* Assets.xcassets */ = {isa = PBXFileReference; lastKnownFileType = folder.assetcatalog; path = Assets.xcassets; sourceTree = "<group>"; };
		22AE50751F0D49BE004CB8BA /* Base */ = {isa = PBXFileReference; lastKnownFileType = file.storyboard; name = Base; path = Base.lproj/LaunchScreen.storyboard; sourceTree = "<group>"; };
		22AE50771F0D49BE004CB8BA /* Info.plist */ = {isa = PBXFileReference; lastKnownFileType = text.plist.xml; path = Info.plist; sourceTree = "<group>"; };
		22AE507D1F0D57A2004CB8BA /* ShapeView.swift */ = {isa = PBXFileReference; fileEncoding = 4; lastKnownFileType = sourcecode.swift; path = ShapeView.swift; sourceTree = "<group>"; };
		22AE507F1F0D6B6D004CB8BA /* View.xib */ = {isa = PBXFileReference; fileEncoding = 4; lastKnownFileType = file.xib; path = View.xib; sourceTree = "<group>"; };
		22AE50811F0D6BB8004CB8BA /* CustomView.swift */ = {isa = PBXFileReference; fileEncoding = 4; lastKnownFileType = sourcecode.swift; path = CustomView.swift; sourceTree = "<group>"; };
/* End PBXFileReference section */

/* Begin PBXFrameworksBuildPhase section */
		22AE50651F0D49BE004CB8BA /* Frameworks */ = {
			isa = PBXFrameworksBuildPhase;
			buildActionMask = 2147483647;
			files = (
			);
			runOnlyForDeploymentPostprocessing = 0;
		};
/* End PBXFrameworksBuildPhase section */

/* Begin PBXGroup section */
		22AE505F1F0D49BE004CB8BA = {
			isa = PBXGroup;
			children = (
				22AE506A1F0D49BE004CB8BA /* CoreAnimationDemo */,
				22AE50691F0D49BE004CB8BA /* Products */,
			);
			sourceTree = "<group>";
		};
		22AE50691F0D49BE004CB8BA /* Products */ = {
			isa = PBXGroup;
			children = (
				22AE50681F0D49BE004CB8BA /* CoreAnimationDemo.app */,
			);
			name = Products;
			sourceTree = "<group>";
		};
		22AE506A1F0D49BE004CB8BA /* CoreAnimationDemo */ = {
			isa = PBXGroup;
			children = (
				22AE506B1F0D49BE004CB8BA /* AppDelegate.swift */,
				22AE506D1F0D49BE004CB8BA /* ViewController.swift */,
				22AE507D1F0D57A2004CB8BA /* ShapeView.swift */,
				22AE506F1F0D49BE004CB8BA /* Main.storyboard */,
				22AE507F1F0D6B6D004CB8BA /* View.xib */,
				22AE50811F0D6BB8004CB8BA /* CustomView.swift */,
				22AE50721F0D49BE004CB8BA /* Assets.xcassets */,
				22AE50741F0D49BE004CB8BA /* LaunchScreen.storyboard */,
				22AE50771F0D49BE004CB8BA /* Info.plist */,
			);
			path = CoreAnimationDemo;
			sourceTree = "<group>";
		};
/* End PBXGroup section */

/* Begin PBXNativeTarget section */
		22AE50671F0D49BE004CB8BA /* CoreAnimationDemo */ = {
			isa = PBXNativeTarget;
			buildConfigurationList = 22AE507A1F0D49BE004CB8BA /* Build configuration list for PBXNativeTarget "CoreAnimationDemo" */;
			buildPhases = (
				22AE50641F0D49BE004CB8BA /* Sources */,
				22AE50651F0D49BE004CB8BA /* Frameworks */,
				22AE50661F0D49BE004CB8BA /* Resources */,
			);
			buildRules = (
			);
			dependencies = (
			);
			name = CoreAnimationDemo;
			productName = CoreAnimationDemo;
			productReference = 22AE50681F0D49BE004CB8BA /* CoreAnimationDemo.app */;
			productType = "com.apple.product-type.application";
		};
/* End PBXNativeTarget section */

/* Begin PBXProject section */
		22AE50601F0D49BE004CB8BA /* Project object */ = {
			isa = PBXProject;
			attributes = {
				LastSwiftUpdateCheck = 0830;
				LastUpgradeCheck = 0830;
				ORGANIZATIONNAME = "Sam Meech-Ward";
				TargetAttributes = {
					22AE50671F0D49BE004CB8BA = {
						CreatedOnToolsVersion = 8.3.3;
						DevelopmentTeam = 7GT6EK8D4J;
						ProvisioningStyle = Automatic;
					};
				};
			};
			buildConfigurationList = 22AE50631F0D49BE004CB8BA /* Build configuration list for PBXProject "CoreAnimationDemo" */;
			compatibilityVersion = "Xcode 3.2";
			developmentRegion = English;
			hasScannedForEncodings = 0;
			knownRegions = (
				en,
				Base,
			);
			mainGroup = 22AE505F1F0D49BE004CB8BA;
			productRefGroup = 22AE50691F0D49BE004CB8BA /* Products */;
			projectDirPath = "";
			projectRoot = "";
			targets = (
				22AE50671F0D49BE004CB8BA /* CoreAnimationDemo */,
			);
		};
/* End PBXProject section */

/* Begin PBXResourcesBuildPhase section */
		22AE50661F0D49BE004CB8BA /* Resources */ = {
			isa = PBXResourcesBuildPhase;
			buildActionMask = 2147483647;
			files = (
				22AE50801F0D6B6D004CB8BA /* View.xib in Resources */,
				22AE50761F0D49BE004CB8BA /* LaunchScreen.storyboard in Resources */,
				22AE50731F0D49BE004CB8BA /* Assets.xcassets in Resources */,
				22AE50711F0D49BE004CB8BA /* Main.storyboard in Resources */,
			);
			runOnlyForDeploymentPostprocessing = 0;
		};
/* End PBXResourcesBuildPhase section */

/* Begin PBXSourcesBuildPhase section */
		22AE50641F0D49BE004CB8BA /* Sources */ = {
			isa = PBXSourcesBuildPhase;
			buildActionMask = 2147483647;
			files = (
				22AE507E1F0D57A2004CB8BA /* ShapeView.swift in Sources */,
				22AE50821F0D6BB8004CB8BA /* CustomView.swift in Sources */,
				22AE506E1F0D49BE004CB8BA /* ViewController.swift in Sources */,
				22AE506C1F0D49BE004CB8BA /* AppDelegate.swift in Sources */,
			);
			runOnlyForDeploymentPostprocessing = 0;
		};
/* End PBXSourcesBuildPhase section */

/* Begin PBXVariantGroup section */
		22AE506F1F0D49BE004CB8BA /* Main.storyboard */ = {
			isa = PBXVariantGroup;
			children = (
				22AE50701F0D49BE004CB8BA /* Base */,
			);
			name = Main.storyboard;
			sourceTree = "<group>";
		};
		22AE50741F0D49BE004CB8BA /* LaunchScreen.storyboard */ = {
			isa = PBXVariantGroup;
			children = (
				22AE50751F0D49BE004CB8BA /* Base */,
			);
			name = LaunchScreen.storyboard;
			sourceTree = "<group>";
		};
/* End PBXVariantGroup section */

/* Begin XCBuildConfiguration section */
		22AE50781F0D49BE004CB8BA /* Debug */ = {
			isa = XCBuildConfiguration;
			buildSettings = {
				ALWAYS_SEARCH_USER_PATHS = NO;
				CLANG_ANALYZER_NONNULL = YES;
				CLANG_ANALYZER_NUMBER_OBJECT_CONVERSION = YES_AGGRESSIVE;
				CLANG_CXX_LANGUAGE_STANDARD = "gnu++0x";
				CLANG_CXX_LIBRARY = "libc++";
				CLANG_ENABLE_MODULES = YES;
				CLANG_ENABLE_OBJC_ARC = YES;
				CLANG_WARN_BOOL_CONVERSION = YES;
				CLANG_WARN_CONSTANT_CONVERSION = YES;
				CLANG_WARN_DIRECT_OBJC_ISA_USAGE = YES_ERROR;
				CLANG_WARN_DOCUMENTATION_COMMENTS = YES;
				CLANG_WARN_EMPTY_BODY = YES;
				CLANG_WARN_ENUM_CONVERSION = YES;
				CLANG_WARN_INFINITE_RECURSION = YES;
				CLANG_WARN_INT_CONVERSION = YES;
				CLANG_WARN_OBJC_ROOT_CLASS = YES_ERROR;
				CLANG_WARN_SUSPICIOUS_MOVE = YES;
				CLANG_WARN_UNREACHABLE_CODE = YES;
				CLANG_WARN__DUPLICATE_METHOD_MATCH = YES;
				"CODE_SIGN_IDENTITY[sdk=iphoneos*]" = "iPhone Developer";
				COPY_PHASE_STRIP = NO;
				DEBUG_INFORMATION_FORMAT = dwarf;
				ENABLE_STRICT_OBJC_MSGSEND = YES;
				ENABLE_TESTABILITY = YES;
				GCC_C_LANGUAGE_STANDARD = gnu99;
				GCC_DYNAMIC_NO_PIC = NO;
				GCC_NO_COMMON_BLOCKS = YES;
				GCC_OPTIMIZATION_LEVEL = 0;
				GCC_PREPROCESSOR_DEFINITIONS = (
					"DEBUG=1",
					"$(inherited)",
				);
				GCC_WARN_64_TO_32_BIT_CONVERSION = YES;
				GCC_WARN_ABOUT_RETURN_TYPE = YES_ERROR;
				GCC_WARN_UNDECLARED_SELECTOR = YES;
				GCC_WARN_UNINITIALIZED_AUTOS = YES_AGGRESSIVE;
				GCC_WARN_UNUSED_FUNCTION = YES;
				GCC_WARN_UNUSED_VARIABLE = YES;
				IPHONEOS_DEPLOYMENT_TARGET = 10.3;
				MTL_ENABLE_DEBUG_INFO = YES;
				ONLY_ACTIVE_ARCH = YES;
				SDKROOT = iphoneos;
				SWIFT_ACTIVE_COMPILATION_CONDITIONS = DEBUG;
				SWIFT_OPTIMIZATION_LEVEL = "-Onone";
			};
			name = Debug;
		};
		22AE50791F0D49BE004CB8BA /* Release */ = {
			isa = XCBuildConfiguration;
			buildSettings = {
				ALWAYS_SEARCH_USER_PATHS = NO;
				CLANG_ANALYZER_NONNULL = YES;
				CLANG_ANALYZER_NUMBER_OBJECT_CONVERSION = YES_AGGRESSIVE;
				CLANG_CXX_LANGUAGE_STANDARD = "gnu++0x";
				CLANG_CXX_LIBRARY = "libc++";
				CLANG_ENABLE_MODULES = YES;
				CLANG_ENABLE_OBJC_ARC = YES;
				CLANG_WARN_BOOL_CONVERSION = YES;
				CLANG_WARN_CONSTANT_CONVERSION = YES;
				CLANG_WARN_DIRECT_OBJC_ISA_USAGE = YES_ERROR;
				CLANG_WARN_DOCUMENTATION_COMMENTS = YES;
				CLANG_WARN_EMPTY_BODY = YES;
				CLANG_WARN_ENUM_CONVERSION = YES;
				CLANG_WARN_INFINITE_RECURSION = YES;
				CLANG_WARN_INT_CONVERSION = YES;
				CLANG_WARN_OBJC_ROOT_CLASS = YES_ERROR;
				CLANG_WARN_SUSPICIOUS_MOVE = YES;
				CLANG_WARN_UNREACHABLE_CODE = YES;
				CLANG_WARN__DUPLICATE_METHOD_MATCH = YES;
				"CODE_SIGN_IDENTITY[sdk=iphoneos*]" = "iPhone Developer";
				COPY_PHASE_STRIP = NO;
				DEBUG_INFORMATION_FORMAT = "dwarf-with-dsym";
				ENABLE_NS_ASSERTIONS = NO;
				ENABLE_STRICT_OBJC_MSGSEND = YES;
				GCC_C_LANGUAGE_STANDARD = gnu99;
				GCC_NO_COMMON_BLOCKS = YES;
				GCC_WARN_64_TO_32_BIT_CONVERSION = YES;
				GCC_WARN_ABOUT_RETURN_TYPE = YES_ERROR;
				GCC_WARN_UNDECLARED_SELECTOR = YES;
				GCC_WARN_UNINITIALIZED_AUTOS = YES_AGGRESSIVE;
				GCC_WARN_UNUSED_FUNCTION = YES;
				GCC_WARN_UNUSED_VARIABLE = YES;
				IPHONEOS_DEPLOYMENT_TARGET = 10.3;
				MTL_ENABLE_DEBUG_INFO = NO;
				SDKROOT = iphoneos;
				SWIFT_OPTIMIZATION_LEVEL = "-Owholemodule";
				VALIDATE_PRODUCT = YES;
			};
			name = Release;
		};
		22AE507B1F0D49BE004CB8BA /* Debug */ = {
			isa = XCBuildConfiguration;
			buildSettings = {
				ASSETCATALOG_COMPILER_APPICON_NAME = AppIcon;
				DEVELOPMENT_TEAM = 7GT6EK8D4J;
				INFOPLIST_FILE = CoreAnimationDemo/Info.plist;
				LD_RUNPATH_SEARCH_PATHS = "$(inherited) @executable_path/Frameworks";
				PRODUCT_BUNDLE_IDENTIFIER = "com.meech-ward.CoreAnimationDemo";
				PRODUCT_NAME = "$(TARGET_NAME)";
				SWIFT_VERSION = 3.0;
			};
			name = Debug;
		};
		22AE507C1F0D49BE004CB8BA /* Release */ = {
			isa = XCBuildConfiguration;
			buildSettings = {
				ASSETCATALOG_COMPILER_APPICON_NAME = AppIcon;
				DEVELOPMENT_TEAM = 7GT6EK8D4J;
				INFOPLIST_FILE = CoreAnimationDemo/Info.plist;
				LD_RUNPATH_SEARCH_PATHS = "$(inherited) @executable_path/Frameworks";
				PRODUCT_BUNDLE_IDENTIFIER = "com.meech-ward.CoreAnimationDemo";
				PRODUCT_NAME = "$(TARGET_NAME)";
				SWIFT_VERSION = 3.0;
			};
			name = Release;
		};
/* End XCBuildConfiguration section */

/* Begin XCConfigurationList section */
		22AE50631F0D49BE004CB8BA /* Build configuration list for PBXProject "CoreAnimationDemo" */ = {
			isa = XCConfigurationList;
			buildConfigurations = (
				22AE50781F0D49BE004CB8BA /* Debug */,
				22AE50791F0D49BE004CB8BA /* Release */,
			);
			defaultConfigurationIsVisible = 0;
			defaultConfigurationName = Release;
		};
		22AE507A1F0D49BE004CB8BA /* Build configuration list for PBXNativeTarget "CoreAnimationDemo" */ = {
			isa = XCConfigurationList;
			buildConfigurations = (
				22AE507B1F0D49BE004CB8BA /* Debug */,
				22AE507C1F0D49BE004CB8BA /* Release */,
			);
			defaultConfigurationIsVisible = 0;
		};
/* End XCConfigurationList section */
	};
	rootObject = 22AE50601F0D49BE004CB8BA /* Project object */;
}
